# THIS IS AN AUTOGENERATED FILE. DO NOT EDIT THIS FILE DIRECTLY.
# yarn lockfile v1


"@theme-ui/typography@..\\packages\\typography\\theme-ui-typography-v0.4.0-alpha.0.tgz":
  version "0.4.0-alpha.0"
  resolved "..\\packages\\typography\\theme-ui-typography-v0.4.0-alpha.0.tgz#637dbb40512a8ec757914de6f7978678a714e754"
  dependencies:
    compass-vertical-rhythm "^1.4.5"
    modularscale "^2.0.1"

"@types/compass-vertical-rhythm@^1.4.0":
  version "1.4.0"
  resolved "https://registry.yarnpkg.com/@types/compass-vertical-rhythm/-/compass-vertical-rhythm-1.4.0.tgz#57ee5cb6669e7b451e4707930a1a76915138a407"
  integrity sha512-NuD0xvS1jEAz/i4R4Y9kRV08dB7AwYo1cfKRKWYroyskiBYqWtQ2Rl0Ry7P+HJp60k7gYJG69UPp7ojNsZpi+A==

compass-vertical-rhythm@^1.4.5:
  version "1.4.5"
  resolved "https://registry.yarnpkg.com/compass-vertical-rhythm/-/compass-vertical-rhythm-1.4.5.tgz#4baa8d7068fda164d3675d706775d7547e8750f5"
  integrity sha512-bJo3IYX7xmmZCDYjrT2XolaiNjGZ4E2JvUGxpdU0ecbH4ZLK786wvc8aHKVrGrKct9JlkmJbUi8YLrQWvOc+uA==
  dependencies:
    convert-css-length "^1.0.1"
    object-assign "^4.1.0"
    parse-unit "^1.0.1"

console-polyfill@^0.1.2:
  version "0.1.2"
  resolved "https://registry.yarnpkg.com/console-polyfill/-/console-polyfill-0.1.2.tgz#96cfed51caf78189f699572e6f18271dc37c0e30"
  integrity sha1-ls/tUcr3gYn2mVcubxgnHcN8DjA=

convert-css-length@^1.0.1:
  version "1.0.2"
  resolved "https://registry.yarnpkg.com/convert-css-length/-/convert-css-length-1.0.2.tgz#32f38a8ac55d78372ff43562532564366c871ccc"
  integrity sha512-ecV7j3hXyXN1X2XfJBzhMR0o1Obv0v3nHmn0UiS3ACENrzbxE/EknkiunS/fCwQva0U62X1GChi8GaPh4oTlLg==
  dependencies:
    console-polyfill "^0.1.2"
    parse-unit "^1.0.1"

lodash.isnumber@^3.0.0:
  version "3.0.3"
  resolved "https://registry.yarnpkg.com/lodash.isnumber/-/lodash.isnumber-3.0.3.tgz#3ce76810c5928d03352301ac287317f11c0b1ffc"
  integrity sha1-POdoEMWSjQM1IwGsKHMX8RwLH/w=

modularscale@^2.0.1:
  version "2.0.1"
  resolved "https://registry.yarnpkg.com/modularscale/-/modularscale-2.0.1.tgz#565806fe7e3a9d31821ec4e944fbe9c8401cafd0"
  integrity sha1-VlgG/n46nTGCHsTpRPvpyEAcr9A=
  dependencies:
    lodash.isnumber "^3.0.0"

object-assign@^4.1.0:
  version "4.1.1"
  resolved "https://registry.yarnpkg.com/object-assign/-/object-assign-4.1.1.tgz#2109adc7965887cfc05cbbd442cac8bfbb360863"
  integrity sha1-IQmtx5ZYh8/AXLvUQsrIv7s2CGM=

parse-unit@^1.0.1:
  version "1.0.1"
  resolved "https://registry.yarnpkg.com/parse-unit/-/parse-unit-1.0.1.tgz#7e1bb6d5bef3874c28e392526a2541170291eecf"
  integrity sha1-fhu21b7zh0wo45JSaiVBFwKR7s8=
